
Microsoft Visual Studio Solution File, Format Version 12.00
# Visual Studio Version 17
VisualStudioVersion = 17.10.35027.167
MinimumVisualStudioVersion = 10.0.40219.1
Project("{9A19103F-16F7-4668-BE54-9A1E7A4F7556}") = "MortgageCalculator", "MortgageCalculator\MortgageCalculator.csproj", "{13EB783C-6F7A-426F-A709-B3493B9FEE2C}"
EndProject
Project("{9A19103F-16F7-4668-BE54-9A1E7A4F7556}") = "MortgageCalculatorTest", "MortgageCalculatorTest\MortgageCalculatorTest.csproj", "{9FD4BFB0-C489-42BC-A8D7-FD4D7FD149C4}"
EndProject
Project("{FAE04EC0-301F-11D3-BF4B-00C04F79EFBC}") = "MortgageCommandLine", "MortgageCommandLine\MortgageCommandLine.csproj", "{AF6A69EF-0F75-4232-856C-7A374DD92D0D}"
EndProject
Global
	GlobalSection(SolutionConfigurationPlatforms) = preSolution
		Debug|Any CPU = Debug|Any CPU
		Release|Any CPU = Release|Any CPU
	EndGlobalSection
	GlobalSection(ProjectConfigurationPlatforms) = postSolution
		{13EB783C-6F7A-426F-A709-B3493B9FEE2C}.Debug|Any CPU.ActiveCfg = Debug|Any CPU
		{13EB783C-6F7A-426F-A709-B3493B9FEE2C}.Debug|Any CPU.Build.0 = Debug|Any CPU
		{13EB783C-6F7A-426F-A709-B3493B9FEE2C}.Release|Any CPU.ActiveCfg = Release|Any CPU
		{13EB783C-6F7A-426F-A709-B3493B9FEE2C}.Release|Any CPU.Build.0 = Release|Any CPU
		{9FD4BFB0-C489-42BC-A8D7-FD4D7FD149C4}.Debug|Any CPU.ActiveCfg = Debug|Any CPU
		{9FD4BFB0-C489-42BC-A8D7-FD4D7FD149C4}.Debug|Any CPU.Build.0 = Debug|Any CPU
		{9FD4BFB0-C489-42BC-A8D7-FD4D7FD149C4}.Release|Any CPU.ActiveCfg = Release|Any CPU
		{9FD4BFB0-C489-42BC-A8D7-FD4D7FD149C4}.Release|Any CPU.Build.0 = Release|Any CPU
		{AF6A69EF-0F75-4232-856C-7A374DD92D0D}.Debug|Any CPU.ActiveCfg = Debug|Any CPU
		{AF6A69EF-0F75-4232-856C-7A374DD92D0D}.Debug|Any CPU.Build.0 = Debug|Any CPU
		{AF6A69EF-0F75-4232-856C-7A374DD92D0D}.Release|Any CPU.ActiveCfg = Release|Any CPU
		{AF6A69EF-0F75-4232-856C-7A374DD92D0D}.Release|Any CPU.Build.0 = Release|Any CPU
	EndGlobalSection
	GlobalSection(SolutionProperties) = preSolution
		HideSolutionNode = FALSE
	EndGlobalSection
	GlobalSection(ExtensibilityGlobals) = postSolution
		SolutionGuid = {E6F4500C-EFFE-4C75-8598-954CE12AE353}
	EndGlobalSection
EndGlobal
